
Microsoft Visual Studio Solution File, Format Version 12.00
# Visual Studio 2012
Project("{FAE04EC0-301F-11D3-BF4B-00C04F79EFBC}") = "WinShooter-Web", "WinShooter-Web\WinShooter-Web.csproj", "{C4230171-0BC5-4779-8F19-18BCAE3BE683}"
EndProject
Project("{FAE04EC0-301F-11D3-BF4B-00C04F79EFBC}") = "WinShooter-Web.Tests", "WinShooter-Web.Tests\WinShooter-Web.Tests.csproj", "{9A8CFC24-4EAC-454C-8063-82D4FF8C52FC}"
EndProject
Project("{FAE04EC0-301F-11D3-BF4B-00C04F79EFBC}") = "WinShooter-Web.Api", "WinShooter-Web.Api\WinShooter-Web.Api.csproj", "{86AF05C5-4135-4730-A92B-31A3713501EB}"
EndProject
Project("{FAE04EC0-301F-11D3-BF4B-00C04F79EFBC}") = "WinShooter-Web.Api.Tests", "WinShooter-Web.Api.Tests\WinShooter-Web.Api.Tests.csproj", "{748F05A0-7A2E-45A0-869B-AA39ECE7CC96}"
EndProject
Global
	GlobalSection(SolutionConfigurationPlatforms) = preSolution
		Debug|Any CPU = Debug|Any CPU
		Release|Any CPU = Release|Any CPU
	EndGlobalSection
	GlobalSection(ProjectConfigurationPlatforms) = postSolution
		{C4230171-0BC5-4779-8F19-18BCAE3BE683}.Debug|Any CPU.ActiveCfg = Debug|Any CPU
		{C4230171-0BC5-4779-8F19-18BCAE3BE683}.Debug|Any CPU.Build.0 = Debug|Any CPU
		{C4230171-0BC5-4779-8F19-18BCAE3BE683}.Release|Any CPU.ActiveCfg = Release|Any CPU
		{C4230171-0BC5-4779-8F19-18BCAE3BE683}.Release|Any CPU.Build.0 = Release|Any CPU
		{9A8CFC24-4EAC-454C-8063-82D4FF8C52FC}.Debug|Any CPU.ActiveCfg = Debug|Any CPU
		{9A8CFC24-4EAC-454C-8063-82D4FF8C52FC}.Debug|Any CPU.Build.0 = Debug|Any CPU
		{9A8CFC24-4EAC-454C-8063-82D4FF8C52FC}.Release|Any CPU.ActiveCfg = Release|Any CPU
		{9A8CFC24-4EAC-454C-8063-82D4FF8C52FC}.Release|Any CPU.Build.0 = Release|Any CPU
		{86AF05C5-4135-4730-A92B-31A3713501EB}.Debug|Any CPU.ActiveCfg = Debug|Any CPU
		{86AF05C5-4135-4730-A92B-31A3713501EB}.Debug|Any CPU.Build.0 = Debug|Any CPU
		{86AF05C5-4135-4730-A92B-31A3713501EB}.Release|Any CPU.ActiveCfg = Release|Any CPU
		{86AF05C5-4135-4730-A92B-31A3713501EB}.Release|Any CPU.Build.0 = Release|Any CPU
		{748F05A0-7A2E-45A0-869B-AA39ECE7CC96}.Debug|Any CPU.ActiveCfg = Debug|Any CPU
		{748F05A0-7A2E-45A0-869B-AA39ECE7CC96}.Debug|Any CPU.Build.0 = Debug|Any CPU
		{748F05A0-7A2E-45A0-869B-AA39ECE7CC96}.Release|Any CPU.ActiveCfg = Release|Any CPU
		{748F05A0-7A2E-45A0-869B-AA39ECE7CC96}.Release|Any CPU.Build.0 = Release|Any CPU
	EndGlobalSection
	GlobalSection(SolutionProperties) = preSolution
		HideSolutionNode = FALSE
	EndGlobalSection
EndGlobal
