
Microsoft Visual Studio Solution File, Format Version 12.00
# Visual Studio 2012
Project("{FAE04EC0-301F-11D3-BF4B-00C04F79EFBC}") = "WinShooter-Web", "WinShooter-Web\WinShooter-Web.csproj", "{C4230171-0BC5-4779-8F19-18BCAE3BE683}"
EndProject
Project("{FAE04EC0-301F-11D3-BF4B-00C04F79EFBC}") = "WinShooter-Web.Tests", "WinShooter-Web.Tests\WinShooter-Web.Tests.csproj", "{9A8CFC24-4EAC-454C-8063-82D4FF8C52FC}"
EndProject
Project("{FAE04EC0-301F-11D3-BF4B-00C04F79EFBC}") = "WinShooter-Web.Api", "WinShooter-Web.Api\WinShooter-Web.Api.csproj", "{86AF05C5-4135-4730-A92B-31A3713501EB}"
EndProject
Project("{FAE04EC0-301F-11D3-BF4B-00C04F79EFBC}") = "WinShooter-Web.Api.Tests", "WinShooter-Web.Api.Tests\WinShooter-Web.Api.Tests.csproj", "{748F05A0-7A2E-45A0-869B-AA39ECE7CC96}"
EndProject
Project("{2150E333-8FDC-42A3-9474-1A3956D46DE8}") = ".nuget", ".nuget", "{F9EB0CC0-905F-4E00-B830-B1AD219A432D}"
	ProjectSection(SolutionItems) = preProject
		.nuget\NuGet.Config = .nuget\NuGet.Config
		.nuget\NuGet.exe = .nuget\NuGet.exe
		.nuget\NuGet.targets = .nuget\NuGet.targets
	EndProjectSection
EndProject
Project("{FAE04EC0-301F-11D3-BF4B-00C04F79EFBC}") = "WinShooter-Web.DatabaseMigrations", "WinShooter-Web.DatabaseMigrations\WinShooter-Web.DatabaseMigrations.csproj", "{AB5B1093-247B-4916-A2B7-93D70621F984}"
EndProject
Project("{2150E333-8FDC-42A3-9474-1A3956D46DE8}") = "Infrastructure", "Infrastructure", "{12BC8CC9-D149-4B1A-BA54-8DDC55D4F7FF}"
EndProject
Project("{FAE04EC0-301F-11D3-BF4B-00C04F79EFBC}") = "WinShooter-Web.Database", "WinShooter-Web.Database\WinShooter-Web.Database.csproj", "{457DCBB2-7BFC-466F-96E7-72C22630D74A}"
EndProject
Project("{FAE04EC0-301F-11D3-BF4B-00C04F79EFBC}") = "WinShooter-Web2", "WinShooter-Web2\WinShooter-Web2.csproj", "{E6C897A3-D670-4662-9CF6-4A925C80EC25}"
EndProject
Global
	GlobalSection(SolutionConfigurationPlatforms) = preSolution
		Debug|Any CPU = Debug|Any CPU
		Release|Any CPU = Release|Any CPU
	EndGlobalSection
	GlobalSection(ProjectConfigurationPlatforms) = postSolution
		{C4230171-0BC5-4779-8F19-18BCAE3BE683}.Debug|Any CPU.ActiveCfg = Debug|Any CPU
		{C4230171-0BC5-4779-8F19-18BCAE3BE683}.Debug|Any CPU.Build.0 = Debug|Any CPU
		{C4230171-0BC5-4779-8F19-18BCAE3BE683}.Release|Any CPU.ActiveCfg = Release|Any CPU
		{C4230171-0BC5-4779-8F19-18BCAE3BE683}.Release|Any CPU.Build.0 = Release|Any CPU
		{9A8CFC24-4EAC-454C-8063-82D4FF8C52FC}.Debug|Any CPU.ActiveCfg = Debug|Any CPU
		{9A8CFC24-4EAC-454C-8063-82D4FF8C52FC}.Debug|Any CPU.Build.0 = Debug|Any CPU
		{9A8CFC24-4EAC-454C-8063-82D4FF8C52FC}.Release|Any CPU.ActiveCfg = Release|Any CPU
		{9A8CFC24-4EAC-454C-8063-82D4FF8C52FC}.Release|Any CPU.Build.0 = Release|Any CPU
		{86AF05C5-4135-4730-A92B-31A3713501EB}.Debug|Any CPU.ActiveCfg = Debug|Any CPU
		{86AF05C5-4135-4730-A92B-31A3713501EB}.Debug|Any CPU.Build.0 = Debug|Any CPU
		{86AF05C5-4135-4730-A92B-31A3713501EB}.Release|Any CPU.ActiveCfg = Release|Any CPU
		{86AF05C5-4135-4730-A92B-31A3713501EB}.Release|Any CPU.Build.0 = Release|Any CPU
		{748F05A0-7A2E-45A0-869B-AA39ECE7CC96}.Debug|Any CPU.ActiveCfg = Debug|Any CPU
		{748F05A0-7A2E-45A0-869B-AA39ECE7CC96}.Debug|Any CPU.Build.0 = Debug|Any CPU
		{748F05A0-7A2E-45A0-869B-AA39ECE7CC96}.Release|Any CPU.ActiveCfg = Release|Any CPU
		{748F05A0-7A2E-45A0-869B-AA39ECE7CC96}.Release|Any CPU.Build.0 = Release|Any CPU
		{AB5B1093-247B-4916-A2B7-93D70621F984}.Debug|Any CPU.ActiveCfg = Debug|Any CPU
		{AB5B1093-247B-4916-A2B7-93D70621F984}.Debug|Any CPU.Build.0 = Debug|Any CPU
		{AB5B1093-247B-4916-A2B7-93D70621F984}.Release|Any CPU.ActiveCfg = Release|Any CPU
		{AB5B1093-247B-4916-A2B7-93D70621F984}.Release|Any CPU.Build.0 = Release|Any CPU
		{457DCBB2-7BFC-466F-96E7-72C22630D74A}.Debug|Any CPU.ActiveCfg = Debug|Any CPU
		{457DCBB2-7BFC-466F-96E7-72C22630D74A}.Debug|Any CPU.Build.0 = Debug|Any CPU
		{457DCBB2-7BFC-466F-96E7-72C22630D74A}.Release|Any CPU.ActiveCfg = Release|Any CPU
		{457DCBB2-7BFC-466F-96E7-72C22630D74A}.Release|Any CPU.Build.0 = Release|Any CPU
		{E6C897A3-D670-4662-9CF6-4A925C80EC25}.Debug|Any CPU.ActiveCfg = Debug|Any CPU
		{E6C897A3-D670-4662-9CF6-4A925C80EC25}.Debug|Any CPU.Build.0 = Debug|Any CPU
		{E6C897A3-D670-4662-9CF6-4A925C80EC25}.Release|Any CPU.ActiveCfg = Release|Any CPU
		{E6C897A3-D670-4662-9CF6-4A925C80EC25}.Release|Any CPU.Build.0 = Release|Any CPU
	EndGlobalSection
	GlobalSection(SolutionProperties) = preSolution
		HideSolutionNode = FALSE
	EndGlobalSection
	GlobalSection(NestedProjects) = preSolution
		{AB5B1093-247B-4916-A2B7-93D70621F984} = {12BC8CC9-D149-4B1A-BA54-8DDC55D4F7FF}
		{457DCBB2-7BFC-466F-96E7-72C22630D74A} = {12BC8CC9-D149-4B1A-BA54-8DDC55D4F7FF}
	EndGlobalSection
EndGlobal
